{
  "name": "dumas-feeder",
  "version": "1.0.0",
  "lockfileVersion": 1,
  "requires": true,
  "dependencies": {
    "node-ensure": {
      "version": "0.0.0",
      "resolved": "https://registry.npmjs.org/node-ensure/-/node-ensure-0.0.0.tgz",
      "integrity": "sha1-7K52QVDemYYexcgQ/V0Jaxg5Mqc="
    },
    "pdf-parser": {
      "version": "1.0.4",
      "resolved": "https://registry.npmjs.org/pdf-parser/-/pdf-parser-1.0.4.tgz",
      "integrity": "sha512-FMXE/phwAWlGYBk0YCDGZ2lAhw2V+BL6Pn4UvJjQIyhg0NU9n+p5wjCg5TAEBV4trqoUX+xzlfTHh8K+8rlA4w==",
      "requires": {
        "node-ensure": "0.0.0"
      }
    }
  }
}
